
Microsoft Visual Studio Solution File, Format Version 12.00
# Visual Studio Version 17
VisualStudioVersion = 17.7.34221.43
MinimumVisualStudioVersion = 10.0.40219.1
Project("{FAE04EC0-301F-11D3-BF4B-00C04F79EFBC}") = "SiraSizde", "SiraSizde\SiraSizde.csproj", "{87B3FE2B-B881-40CA-83D0-A16EA6411281}"
EndProject
Global
	GlobalSection(SolutionConfigurationPlatforms) = preSolution
		Debug|Any CPU = Debug|Any CPU
		Release|Any CPU = Release|Any CPU
	EndGlobalSection
	GlobalSection(ProjectConfigurationPlatforms) = postSolution
		{87B3FE2B-B881-40CA-83D0-A16EA6411281}.Debug|Any CPU.ActiveCfg = Debug|Any CPU
		{87B3FE2B-B881-40CA-83D0-A16EA6411281}.Debug|Any CPU.Build.0 = Debug|Any CPU
		{87B3FE2B-B881-40CA-83D0-A16EA6411281}.Release|Any CPU.ActiveCfg = Release|Any CPU
		{87B3FE2B-B881-40CA-83D0-A16EA6411281}.Release|Any CPU.Build.0 = Release|Any CPU
	EndGlobalSection
	GlobalSection(SolutionProperties) = preSolution
		HideSolutionNode = FALSE
	EndGlobalSection
	GlobalSection(ExtensibilityGlobals) = postSolution
		SolutionGuid = {236033D3-A106-4A93-9C32-0FA6E38FFA1D}
	EndGlobalSection
EndGlobal
